// !$*UTF8*$!
{
	archiveVersion = 1;
	classes = {
	};
	objectVersion = 56;
	objects = {

/* Begin PBXBuildFile section */
		9914636029563025005BAB3F /* main.cpp in Sources */ = {isa = PBXBuildFile; fileRef = 9914635F29563025005BAB3F /* main.cpp */; };
		991463682956310C005BAB3F /* OpenGL.framework in Frameworks */ = {isa = PBXBuildFile; fileRef = 991463672956310C005BAB3F /* OpenGL.framework */; };
		9914636A29563118005BAB3F /* CoreFoundation.framework in Frameworks */ = {isa = PBXBuildFile; fileRef = 9914636929563117005BAB3F /* CoreFoundation.framework */; };
		9914636C29563150005BAB3F /* libGLEW.2.2.0.dylib in Frameworks */ = {isa = PBXBuildFile; fileRef = 9914636B29563150005BAB3F /* libGLEW.2.2.0.dylib */; };
		9914636E29563169005BAB3F /* libglfw.3.3.dylib in Frameworks */ = {isa = PBXBuildFile; fileRef = 9914636D29563169005BAB3F /* libglfw.3.3.dylib */; };
		99146371295631B2005BAB3F /* libsoil2-debug.a in Frameworks */ = {isa = PBXBuildFile; fileRef = 9914636F295631B2005BAB3F /* libsoil2-debug.a */; };
		99146373295633FE005BAB3F /* libsoil2-debug.dylib in Frameworks */ = {isa = PBXBuildFile; fileRef = 99146370295631B2005BAB3F /* libsoil2-debug.dylib */; };
/* End PBXBuildFile section */

/* Begin PBXCopyFilesBuildPhase section */
		9914635A29563025005BAB3F /* CopyFiles */ = {
			isa = PBXCopyFilesBuildPhase;
			buildActionMask = 2147483647;
			dstPath = /usr/share/man/man1/;
			dstSubfolderSpec = 0;
			files = (
			);
			runOnlyForDeploymentPostprocessing = 1;
		};
/* End PBXCopyFilesBuildPhase section */

/* Begin PBXFileReference section */
		9914635C29563025005BAB3F /* opengl-learn */ = {isa = PBXFileReference; explicitFileType = "compiled.mach-o.executable"; includeInIndex = 0; path = "opengl-learn"; sourceTree = BUILT_PRODUCTS_DIR; };
		9914635F29563025005BAB3F /* main.cpp */ = {isa = PBXFileReference; lastKnownFileType = sourcecode.cpp.cpp; path = main.cpp; sourceTree = "<group>"; };
		991463672956310C005BAB3F /* OpenGL.framework */ = {isa = PBXFileReference; lastKnownFileType = wrapper.framework; name = OpenGL.framework; path = System/Library/Frameworks/OpenGL.framework; sourceTree = SDKROOT; };
		9914636929563117005BAB3F /* CoreFoundation.framework */ = {isa = PBXFileReference; lastKnownFileType = wrapper.framework; name = CoreFoundation.framework; path = System/Library/Frameworks/CoreFoundation.framework; sourceTree = SDKROOT; };
		9914636B29563150005BAB3F /* libGLEW.2.2.0.dylib */ = {isa = PBXFileReference; lastKnownFileType = "compiled.mach-o.dylib"; name = libGLEW.2.2.0.dylib; path = ../../../../../../../opt/homebrew/Cellar/glew/2.2.0_1/lib/libGLEW.2.2.0.dylib; sourceTree = "<group>"; };
		9914636D29563169005BAB3F /* libglfw.3.3.dylib */ = {isa = PBXFileReference; lastKnownFileType = "compiled.mach-o.dylib"; name = libglfw.3.3.dylib; path = ../../../../../../../opt/homebrew/Cellar/glfw/3.3.8/lib/libglfw.3.3.dylib; sourceTree = "<group>"; };
		9914636F295631B2005BAB3F /* libsoil2-debug.a */ = {isa = PBXFileReference; lastKnownFileType = archive.ar; name = "libsoil2-debug.a"; path = "../../../../../../../usr/local/lib/libsoil2-debug.a"; sourceTree = "<group>"; };
		99146370295631B2005BAB3F /* libsoil2-debug.dylib */ = {isa = PBXFileReference; lastKnownFileType = "compiled.mach-o.dylib"; name = "libsoil2-debug.dylib"; path = "../../../../../../../usr/local/lib/libsoil2-debug.dylib"; sourceTree = "<group>"; };
/* End PBXFileReference section */

/* Begin PBXFrameworksBuildPhase section */
		9914635929563025005BAB3F /* Frameworks */ = {
			isa = PBXFrameworksBuildPhase;
			buildActionMask = 2147483647;
			files = (
				99146373295633FE005BAB3F /* libsoil2-debug.dylib in Frameworks */,
				99146371295631B2005BAB3F /* libsoil2-debug.a in Frameworks */,
				9914636E29563169005BAB3F /* libglfw.3.3.dylib in Frameworks */,
				9914636C29563150005BAB3F /* libGLEW.2.2.0.dylib in Frameworks */,
				9914636A29563118005BAB3F /* CoreFoundation.framework in Frameworks */,
				991463682956310C005BAB3F /* OpenGL.framework in Frameworks */,
			);
			runOnlyForDeploymentPostprocessing = 0;
		};
/* End PBXFrameworksBuildPhase section */

/* Begin PBXGroup section */
		9914635329563025005BAB3F = {
			isa = PBXGroup;
			children = (
				9914635E29563025005BAB3F /* opengl-learn */,
				9914635D29563025005BAB3F /* Products */,
				991463662956310C005BAB3F /* Frameworks */,
			);
			sourceTree = "<group>";
		};
		9914635D29563025005BAB3F /* Products */ = {
			isa = PBXGroup;
			children = (
				9914635C29563025005BAB3F /* opengl-learn */,
			);
			name = Products;
			sourceTree = "<group>";
		};
		9914635E29563025005BAB3F /* opengl-learn */ = {
			isa = PBXGroup;
			children = (
				9914635F29563025005BAB3F /* main.cpp */,
			);
			path = "opengl-learn";
			sourceTree = "<group>";
		};
		991463662956310C005BAB3F /* Frameworks */ = {
			isa = PBXGroup;
			children = (
				9914636F295631B2005BAB3F /* libsoil2-debug.a */,
				99146370295631B2005BAB3F /* libsoil2-debug.dylib */,
				9914636D29563169005BAB3F /* libglfw.3.3.dylib */,
				9914636B29563150005BAB3F /* libGLEW.2.2.0.dylib */,
				9914636929563117005BAB3F /* CoreFoundation.framework */,
				991463672956310C005BAB3F /* OpenGL.framework */,
			);
			name = Frameworks;
			sourceTree = "<group>";
		};
/* End PBXGroup section */

/* Begin PBXNativeTarget section */
		9914635B29563025005BAB3F /* opengl-learn */ = {
			isa = PBXNativeTarget;
			buildConfigurationList = 9914636329563025005BAB3F /* Build configuration list for PBXNativeTarget "opengl-learn" */;
			buildPhases = (
				9914635829563025005BAB3F /* Sources */,
				9914635929563025005BAB3F /* Frameworks */,
				9914635A29563025005BAB3F /* CopyFiles */,
			);
			buildRules = (
			);
			dependencies = (
			);
			name = "opengl-learn";
			productName = "opengl-learn";
			productReference = 9914635C29563025005BAB3F /* opengl-learn */;
			productType = "com.apple.product-type.tool";
		};
/* End PBXNativeTarget section */

/* Begin PBXProject section */
		9914635429563025005BAB3F /* Project object */ = {
			isa = PBXProject;
			attributes = {
				BuildIndependentTargetsInParallel = 1;
				LastUpgradeCheck = 1420;
				TargetAttributes = {
					9914635B29563025005BAB3F = {
						CreatedOnToolsVersion = 14.2;
					};
				};
			};
			buildConfigurationList = 9914635729563025005BAB3F /* Build configuration list for PBXProject "opengl-learn" */;
			compatibilityVersion = "Xcode 14.0";
			developmentRegion = en;
			hasScannedForEncodings = 0;
			knownRegions = (
				en,
				Base,
			);
			mainGroup = 9914635329563025005BAB3F;
			productRefGroup = 9914635D29563025005BAB3F /* Products */;
			projectDirPath = "";
			projectRoot = "";
			targets = (
				9914635B29563025005BAB3F /* opengl-learn */,
			);
		};
/* End PBXProject section */

/* Begin PBXSourcesBuildPhase section */
		9914635829563025005BAB3F /* Sources */ = {
			isa = PBXSourcesBuildPhase;
			buildActionMask = 2147483647;
			files = (
				9914636029563025005BAB3F /* main.cpp in Sources */,
			);
			runOnlyForDeploymentPostprocessing = 0;
		};
/* End PBXSourcesBuildPhase section */

/* Begin XCBuildConfiguration section */
		9914636129563025005BAB3F /* Debug */ = {
			isa = XCBuildConfiguration;
			buildSettings = {
				ALWAYS_SEARCH_USER_PATHS = NO;
				CLANG_ANALYZER_NONNULL = YES;
				CLANG_ANALYZER_NUMBER_OBJECT_CONVERSION = YES_AGGRESSIVE;
				CLANG_CXX_LANGUAGE_STANDARD = "gnu++20";
				CLANG_ENABLE_MODULES = YES;
				CLANG_ENABLE_OBJC_ARC = YES;
				CLANG_ENABLE_OBJC_WEAK = YES;
				CLANG_WARN_BLOCK_CAPTURE_AUTORELEASING = YES;
				CLANG_WARN_BOOL_CONVERSION = YES;
				CLANG_WARN_COMMA = YES;
				CLANG_WARN_CONSTANT_CONVERSION = YES;
				CLANG_WARN_DEPRECATED_OBJC_IMPLEMENTATIONS = YES;
				CLANG_WARN_DIRECT_OBJC_ISA_USAGE = YES_ERROR;
				CLANG_WARN_DOCUMENTATION_COMMENTS = YES;
				CLANG_WARN_EMPTY_BODY = YES;
				CLANG_WARN_ENUM_CONVERSION = YES;
				CLANG_WARN_INFINITE_RECURSION = YES;
				CLANG_WARN_INT_CONVERSION = YES;
				CLANG_WARN_NON_LITERAL_NULL_CONVERSION = YES;
				CLANG_WARN_OBJC_IMPLICIT_RETAIN_SELF = YES;
				CLANG_WARN_OBJC_LITERAL_CONVERSION = YES;
				CLANG_WARN_OBJC_ROOT_CLASS = YES_ERROR;
				CLANG_WARN_QUOTED_INCLUDE_IN_FRAMEWORK_HEADER = YES;
				CLANG_WARN_RANGE_LOOP_ANALYSIS = YES;
				CLANG_WARN_STRICT_PROTOTYPES = YES;
				CLANG_WARN_SUSPICIOUS_MOVE = YES;
				CLANG_WARN_UNGUARDED_AVAILABILITY = YES_AGGRESSIVE;
				CLANG_WARN_UNREACHABLE_CODE = YES;
				CLANG_WARN__DUPLICATE_METHOD_MATCH = YES;
				COPY_PHASE_STRIP = NO;
				DEBUG_INFORMATION_FORMAT = dwarf;
				ENABLE_STRICT_OBJC_MSGSEND = YES;
				ENABLE_TESTABILITY = YES;
				GCC_C_LANGUAGE_STANDARD = gnu11;
				GCC_DYNAMIC_NO_PIC = NO;
				GCC_NO_COMMON_BLOCKS = YES;
				GCC_OPTIMIZATION_LEVEL = 0;
				GCC_PREPROCESSOR_DEFINITIONS = (
					"DEBUG=1",
					"$(inherited)",
				);
				GCC_WARN_64_TO_32_BIT_CONVERSION = YES;
				GCC_WARN_ABOUT_RETURN_TYPE = YES_ERROR;
				GCC_WARN_UNDECLARED_SELECTOR = YES;
				GCC_WARN_UNINITIALIZED_AUTOS = YES_AGGRESSIVE;
				GCC_WARN_UNUSED_FUNCTION = YES;
				GCC_WARN_UNUSED_VARIABLE = YES;
				MACOSX_DEPLOYMENT_TARGET = 13.1;
				MTL_ENABLE_DEBUG_INFO = INCLUDE_SOURCE;
				MTL_FAST_MATH = YES;
				ONLY_ACTIVE_ARCH = YES;
				SDKROOT = macosx;
			};
			name = Debug;
		};
		9914636229563025005BAB3F /* Release */ = {
			isa = XCBuildConfiguration;
			buildSettings = {
				ALWAYS_SEARCH_USER_PATHS = NO;
				CLANG_ANALYZER_NONNULL = YES;
				CLANG_ANALYZER_NUMBER_OBJECT_CONVERSION = YES_AGGRESSIVE;
				CLANG_CXX_LANGUAGE_STANDARD = "gnu++20";
				CLANG_ENABLE_MODULES = YES;
				CLANG_ENABLE_OBJC_ARC = YES;
				CLANG_ENABLE_OBJC_WEAK = YES;
				CLANG_WARN_BLOCK_CAPTURE_AUTORELEASING = YES;
				CLANG_WARN_BOOL_CONVERSION = YES;
				CLANG_WARN_COMMA = YES;
				CLANG_WARN_CONSTANT_CONVERSION = YES;
				CLANG_WARN_DEPRECATED_OBJC_IMPLEMENTATIONS = YES;
				CLANG_WARN_DIRECT_OBJC_ISA_USAGE = YES_ERROR;
				CLANG_WARN_DOCUMENTATION_COMMENTS = YES;
				CLANG_WARN_EMPTY_BODY = YES;
				CLANG_WARN_ENUM_CONVERSION = YES;
				CLANG_WARN_INFINITE_RECURSION = YES;
				CLANG_WARN_INT_CONVERSION = YES;
				CLANG_WARN_NON_LITERAL_NULL_CONVERSION = YES;
				CLANG_WARN_OBJC_IMPLICIT_RETAIN_SELF = YES;
				CLANG_WARN_OBJC_LITERAL_CONVERSION = YES;
				CLANG_WARN_OBJC_ROOT_CLASS = YES_ERROR;
				CLANG_WARN_QUOTED_INCLUDE_IN_FRAMEWORK_HEADER = YES;
				CLANG_WARN_RANGE_LOOP_ANALYSIS = YES;
				CLANG_WARN_STRICT_PROTOTYPES = YES;
				CLANG_WARN_SUSPICIOUS_MOVE = YES;
				CLANG_WARN_UNGUARDED_AVAILABILITY = YES_AGGRESSIVE;
				CLANG_WARN_UNREACHABLE_CODE = YES;
				CLANG_WARN__DUPLICATE_METHOD_MATCH = YES;
				COPY_PHASE_STRIP = NO;
				DEBUG_INFORMATION_FORMAT = "dwarf-with-dsym";
				ENABLE_NS_ASSERTIONS = NO;
				ENABLE_STRICT_OBJC_MSGSEND = YES;
				GCC_C_LANGUAGE_STANDARD = gnu11;
				GCC_NO_COMMON_BLOCKS = YES;
				GCC_WARN_64_TO_32_BIT_CONVERSION = YES;
				GCC_WARN_ABOUT_RETURN_TYPE = YES_ERROR;
				GCC_WARN_UNDECLARED_SELECTOR = YES;
				GCC_WARN_UNINITIALIZED_AUTOS = YES_AGGRESSIVE;
				GCC_WARN_UNUSED_FUNCTION = YES;
				GCC_WARN_UNUSED_VARIABLE = YES;
				MACOSX_DEPLOYMENT_TARGET = 13.1;
				MTL_ENABLE_DEBUG_INFO = NO;
				MTL_FAST_MATH = YES;
				SDKROOT = macosx;
			};
			name = Release;
		};
		9914636429563025005BAB3F /* Debug */ = {
			isa = XCBuildConfiguration;
			buildSettings = {
				CODE_SIGN_STYLE = Automatic;
				HEADER_SEARCH_PATHS = (
					"/usr/local/include/**",
					"/opt/homebrew/Cellar/glew/2.2.0_1/include/**",
					"/opt/homebrew/Cellar/glfw/3.3.8/include/**",
				);
				LIBRARY_SEARCH_PATHS = (
					"/usr/local/lib/**",
					/opt/homebrew/Cellar/glew/2.2.0_1/lib,
					/opt/homebrew/Cellar/glfw/3.3.8/lib,
				);
				PRODUCT_NAME = "$(TARGET_NAME)";
			};
			name = Debug;
		};
		9914636529563025005BAB3F /* Release */ = {
			isa = XCBuildConfiguration;
			buildSettings = {
				CODE_SIGN_STYLE = Automatic;
				HEADER_SEARCH_PATHS = (
					"/usr/local/include/**",
					"/opt/homebrew/Cellar/glew/2.2.0_1/include/**",
					"/opt/homebrew/Cellar/glfw/3.3.8/include/**",
				);
				LIBRARY_SEARCH_PATHS = (
					"/usr/local/lib/**",
					/opt/homebrew/Cellar/glew/2.2.0_1/lib,
					/opt/homebrew/Cellar/glfw/3.3.8/lib,
				);
				PRODUCT_NAME = "$(TARGET_NAME)";
			};
			name = Release;
		};
/* End XCBuildConfiguration section */

/* Begin XCConfigurationList section */
		9914635729563025005BAB3F /* Build configuration list for PBXProject "opengl-learn" */ = {
			isa = XCConfigurationList;
			buildConfigurations = (
				9914636129563025005BAB3F /* Debug */,
				9914636229563025005BAB3F /* Release */,
			);
			defaultConfigurationIsVisible = 0;
			defaultConfigurationName = Release;
		};
		9914636329563025005BAB3F /* Build configuration list for PBXNativeTarget "opengl-learn" */ = {
			isa = XCConfigurationList;
			buildConfigurations = (
				9914636429563025005BAB3F /* Debug */,
				9914636529563025005BAB3F /* Release */,
			);
			defaultConfigurationIsVisible = 0;
			defaultConfigurationName = Release;
		};
/* End XCConfigurationList section */
	};
	rootObject = 9914635429563025005BAB3F /* Project object */;
}
